
Microsoft Visual Studio Solution File, Format Version 12.00
# Visual Studio Version 17
VisualStudioVersion = 17.14.37216.2 d17.14
MinimumVisualStudioVersion = 10.0.40219.1
Project("{FAE04EC0-301F-11D3-BF4B-00C04F79EFBC}") = "Topic 5.1 - Simple If Statements", "Topic 5.1 - Simple If Statements.csproj", "{FD99387D-1B04-407B-976C-E4E12A909C51}"
EndProject
Global
	GlobalSection(SolutionConfigurationPlatforms) = preSolution
		Debug|Any CPU = Debug|Any CPU
		Release|Any CPU = Release|Any CPU
	EndGlobalSection
	GlobalSection(ProjectConfigurationPlatforms) = postSolution
		{FD99387D-1B04-407B-976C-E4E12A909C51}.Debug|Any CPU.ActiveCfg = Debug|Any CPU
		{FD99387D-1B04-407B-976C-E4E12A909C51}.Debug|Any CPU.Build.0 = Debug|Any CPU
		{FD99387D-1B04-407B-976C-E4E12A909C51}.Release|Any CPU.ActiveCfg = Release|Any CPU
		{FD99387D-1B04-407B-976C-E4E12A909C51}.Release|Any CPU.Build.0 = Release|Any CPU
	EndGlobalSection
	GlobalSection(SolutionProperties) = preSolution
		HideSolutionNode = FALSE
	EndGlobalSection
	GlobalSection(ExtensibilityGlobals) = postSolution
		SolutionGuid = {FFF8118A-5952-4157-99AC-48B70B7FC8BE}
	EndGlobalSection
EndGlobal
